# This file was autogenerated by uv via the following command:
#    uv pip compile --universal --python-version 3.11 --extra dev -o requirements.lock pyproject.toml
aiohappyeyeballs==2.7.1
    # via aiohttp
aiohttp==3.14.3
    # via
    #   kubernetes
    #   llama-index-core
aiosignal==1.4.0
    # via aiohttp
aiosqlite==0.22.1
    # via llama-index-core
annotated-doc==0.0.5
    # via
    #   fastapi
    #   typer
annotated-types==0.8.0
    # via pydantic
anyio==4.14.2
    # via
    #   google-genai
    #   httpx
    #   jupyter-server
    #   starlette
    #   watchfiles
appnope==0.1.4 ; sys_platform == 'darwin'
    # via ipykernel
argon2-cffi==25.1.0
    # via jupyter-server
argon2-cffi-bindings==25.1.0
    # via argon2-cffi
arrow==1.4.0
    # via isoduration
asttokens==3.0.2
    # via stack-data
async-lru==2.3.0
    # via jupyterlab
attrs==26.1.0
    # via
    #   aiohttp
    #   cattrs
    #   jsonschema
    #   referencing
    #   requests-cache
babel==2.18.0
    # via jupyterlab-server
banks==2.5.0
    # via llama-index-core
bcrypt==5.0.0
    # via chromadb
beautifulsoup4==4.15.0
    # via
    #   nbconvert
    #   wikipedia
bleach==6.4.0
    # via nbconvert
build==1.5.0
    # via chromadb
cattrs==26.1.0
    # via requests-cache
certifi==2026.7.22
    # via
    #   httpcore
    #   httpx
    #   kubernetes
    #   requests
cffi==2.1.1
    # via
    #   argon2-cffi-bindings
    #   cryptography
    #   pyzmq
charset-normalizer==3.4.9
    # via requests
chromadb==1.5.9
    # via
    #   f1-trivia-rag (pyproject.toml)
    #   llama-index-vector-stores-chroma
click==8.4.2
    # via
    #   huggingface-hub
    #   nltk
    #   uvicorn
colorama==0.4.6
    # via
    #   build
    #   click
    #   griffecli
    #   ipython
    #   pytest
    #   tqdm
    #   typer
comm==0.2.3
    # via
    #   ipykernel
    #   ipywidgets
contourpy==1.3.3
    # via matplotlib
cryptography==50.0.0
    # via
    #   fastf1
    #   google-auth
cycler==0.12.1
    # via matplotlib
dataclasses-json==0.6.7
    # via llama-index-core
debugpy==1.8.21
    # via ipykernel
defusedxml==0.7.1
    # via
    #   nbconvert
    #   nltk
deprecated==1.3.1
    # via
    #   banks
    #   llama-index-core
    #   llama-index-instrumentation
dirtyjson==1.0.8
    # via llama-index-core
distro==1.9.0
    # via google-genai
durationpy==0.10
    # via kubernetes
executing==2.2.1
    # via stack-data
fastapi==0.141.1
    # via f1-trivia-rag (pyproject.toml)
fastf1==3.8.3
    # via f1-trivia-rag (pyproject.toml)
fastjsonschema==2.22.1
    # via nbformat
filelock==3.32.2
    # via huggingface-hub
filetype==1.2.0
    # via
    #   banks
    #   llama-index-core
flatbuffers==25.12.19
    # via onnxruntime
fonttools==4.63.0
    # via matplotlib
fqdn==1.5.1
    # via jsonschema
frozenlist==1.8.0
    # via
    #   aiohttp
    #   aiosignal
fsspec==2026.7.0
    # via
    #   huggingface-hub
    #   llama-index-core
google-auth==2.56.3
    # via google-genai
google-genai==2.17.0
    # via
    #   f1-trivia-rag (pyproject.toml)
    #   llama-index-embeddings-google-genai
    #   llama-index-llms-google-genai
googleapis-common-protos==1.75.1
    # via opentelemetry-exporter-otlp-proto-grpc
greenlet==3.5.5
    # via sqlalchemy
griffe==2.1.0
    # via banks
griffecli==2.1.0
    # via griffe
griffelib==2.1.0
    # via
    #   griffe
    #   griffecli
grpcio==1.83.0
    # via
    #   chromadb
    #   opentelemetry-exporter-otlp-proto-grpc
h11==0.16.0
    # via
    #   httpcore
    #   uvicorn
hf-xet==1.6.0 ; platform_machine == 'AMD64' or platform_machine == 'aarch64' or platform_machine == 'amd64' or platform_machine == 'arm64' or platform_machine == 'x86_64'
    # via huggingface-hub
httpcore==1.0.9
    # via httpx
httptools==0.8.0
    # via uvicorn
httpx==0.28.1
    # via
    #   chromadb
    #   google-genai
    #   huggingface-hub
    #   jupyterlab
    #   llama-index-core
huggingface-hub==1.27.0
    # via tokenizers
idna==3.18
    # via
    #   anyio
    #   httpx
    #   jsonschema
    #   requests
    #   url-normalize
    #   yarl
importlib-resources==7.1.0
    # via chromadb
iniconfig==2.3.0
    # via pytest
ipykernel==6.31.0
    # via
    #   f1-trivia-rag (pyproject.toml)
    #   jupyter
    #   jupyter-console
    #   jupyterlab
ipython==9.16.1
    # via
    #   ipykernel
    #   ipywidgets
    #   jupyter-console
ipython-pygments-lexers==1.1.1
    # via ipython
ipywidgets==8.1.8
    # via jupyter
isoduration==20.11.0
    # via jsonschema
jedi==0.20.0
    # via ipython
jinja2==3.1.6
    # via
    #   banks
    #   jupyter-server
    #   jupyterlab
    #   jupyterlab-server
    #   nbconvert
joblib==1.5.3
    # via nltk
json5==0.15.0
    # via jupyterlab-server
jsonpointer==3.1.1
    # via jsonschema
jsonschema==4.26.0
    # via
    #   chromadb
    #   jupyter-events
    #   jupyterlab-server
    #   nbformat
jsonschema-specifications==2025.9.1
    # via jsonschema
jupyter==1.1.1
    # via f1-trivia-rag (pyproject.toml)
jupyter-builder==1.2.2
    # via
    #   jupyterlab
    #   notebook
jupyter-client==8.9.1
    # via
    #   ipykernel
    #   jupyter-console
    #   jupyter-server
    #   nbclient
jupyter-console==6.6.3
    # via jupyter
jupyter-core==5.9.1
    # via
    #   ipykernel
    #   jupyter-builder
    #   jupyter-client
    #   jupyter-console
    #   jupyter-server
    #   jupyterlab
    #   nbclient
    #   nbconvert
    #   nbformat
jupyter-events==0.12.1
    # via jupyter-server
jupyter-lsp==2.3.1
    # via jupyterlab
jupyter-server==2.20.0
    # via
    #   jupyter-lsp
    #   jupyterlab
    #   jupyterlab-server
    #   notebook
    #   notebook-shim
jupyter-server-terminals==0.5.4
    # via jupyter-server
jupyterlab==4.6.3
    # via
    #   jupyter
    #   notebook
jupyterlab-pygments==0.3.0
    # via nbconvert
jupyterlab-server==2.28.0
    # via
    #   jupyterlab
    #   notebook
jupyterlab-widgets==3.0.16
    # via ipywidgets
kiwisolver==1.5.0
    # via matplotlib
kubernetes==36.0.3
    # via chromadb
lark==1.3.1
    # via rfc3987-syntax
llama-index-core==0.14.23
    # via
    #   f1-trivia-rag (pyproject.toml)
    #   llama-index-embeddings-google-genai
    #   llama-index-llms-google-genai
    #   llama-index-vector-stores-chroma
llama-index-embeddings-google-genai==0.5.1
    # via f1-trivia-rag (pyproject.toml)
llama-index-instrumentation==0.5.0
    # via llama-index-workflows
llama-index-llms-google-genai==0.9.6
    # via f1-trivia-rag (pyproject.toml)
llama-index-vector-stores-chroma==0.5.5
    # via f1-trivia-rag (pyproject.toml)
llama-index-workflows==2.23.0
    # via llama-index-core
markdown-it-py==4.2.0
    # via rich
markupsafe==3.0.3
    # via
    #   jinja2
    #   nbconvert
marshmallow==3.26.2
    # via dataclasses-json
matplotlib==3.11.1
    # via
    #   fastf1
    #   timple
matplotlib-inline==0.2.2
    # via
    #   ipykernel
    #   ipython
mdurl==0.1.2
    # via markdown-it-py
mistune==3.3.4
    # via nbconvert
mmh3==5.2.1
    # via chromadb
msgpack==1.1.2
    # via signalrcore
multidict==6.7.1
    # via
    #   aiohttp
    #   yarl
mypy-extensions==1.1.0
    # via typing-inspect
nbclient==0.11.0
    # via nbconvert
nbconvert==7.17.1
    # via
    #   jupyter
    #   jupyter-server
nbformat==5.11.0
    # via
    #   jupyter-server
    #   nbclient
    #   nbconvert
nest-asyncio==1.6.0
    # via
    #   ipykernel
    #   llama-index-core
networkx==3.6.1
    # via llama-index-core
nltk==3.10.2
    # via llama-index-core
notebook==7.6.2
    # via jupyter
notebook-shim==0.2.4
    # via
    #   jupyterlab
    #   notebook
numpy==2.4.6 ; python_full_version < '3.12'
    # via
    #   chromadb
    #   contourpy
    #   fastf1
    #   llama-index-core
    #   matplotlib
    #   onnxruntime
    #   pandas
    #   scipy
    #   timple
numpy==2.5.2 ; python_full_version >= '3.12'
    # via
    #   chromadb
    #   contourpy
    #   fastf1
    #   llama-index-core
    #   matplotlib
    #   onnxruntime
    #   pandas
    #   scipy
    #   timple
oauthlib==3.3.1
    # via requests-oauthlib
onnxruntime==1.28.0
    # via chromadb
opentelemetry-api==1.44.0
    # via
    #   chromadb
    #   opentelemetry-exporter-otlp-proto-grpc
    #   opentelemetry-sdk
    #   opentelemetry-semantic-conventions
opentelemetry-exporter-otlp-proto-common==1.44.0
    # via opentelemetry-exporter-otlp-proto-grpc
opentelemetry-exporter-otlp-proto-grpc==1.44.0
    # via chromadb
opentelemetry-proto==1.44.0
    # via
    #   opentelemetry-exporter-otlp-proto-common
    #   opentelemetry-exporter-otlp-proto-grpc
opentelemetry-sdk==1.44.0
    # via
    #   chromadb
    #   opentelemetry-exporter-otlp-proto-grpc
opentelemetry-semantic-conventions==0.65b0
    # via opentelemetry-sdk
orjson==3.11.9
    # via chromadb
overrides==7.7.0
    # via
    #   chromadb
    #   jupyter-server
packaging==26.3
    # via
    #   build
    #   huggingface-hub
    #   ipykernel
    #   jupyter-events
    #   jupyter-server
    #   jupyterlab
    #   jupyterlab-server
    #   marshmallow
    #   matplotlib
    #   nbconvert
    #   onnxruntime
    #   pytest
pandas==2.3.3
    # via fastf1
pandocfilters==1.5.1
    # via nbconvert
parso==0.8.7
    # via jedi
pexpect==4.9.0 ; sys_platform != 'emscripten' and sys_platform != 'win32'
    # via ipython
pillow==12.3.0
    # via
    #   llama-index-core
    #   llama-index-llms-google-genai
    #   matplotlib
platformdirs==4.11.2
    # via
    #   banks
    #   fastf1
    #   jupyter-core
    #   llama-index-core
    #   requests-cache
pluggy==1.6.0
    # via pytest
prometheus-client==0.26.0
    # via jupyter-server
prompt-toolkit==3.0.53
    # via
    #   ipython
    #   jupyter-console
propcache==0.5.2
    # via
    #   aiohttp
    #   yarl
protobuf==7.35.1
    # via
    #   googleapis-common-protos
    #   onnxruntime
    #   opentelemetry-proto
psutil==7.2.2
    # via
    #   ipykernel
    #   ipython
ptyprocess==0.7.0 ; os_name != 'nt' or (sys_platform != 'emscripten' and sys_platform != 'win32')
    # via
    #   pexpect
    #   terminado
pure-eval==0.2.3
    # via stack-data
pyasn1==0.6.4
    # via pyasn1-modules
pyasn1-modules==0.4.2
    # via google-auth
pybase64==1.5.0
    # via chromadb
pycparser==3.0 ; implementation_name != 'PyPy'
    # via cffi
pydantic==2.13.4
    # via
    #   banks
    #   chromadb
    #   fastapi
    #   fastf1
    #   google-genai
    #   llama-index-core
    #   llama-index-instrumentation
    #   llama-index-workflows
    #   pydantic-settings
pydantic-core==2.46.4
    # via pydantic
pydantic-settings==2.15.0
    # via
    #   f1-trivia-rag (pyproject.toml)
    #   chromadb
pygments==2.20.0
    # via
    #   ipython
    #   ipython-pygments-lexers
    #   jupyter-console
    #   nbconvert
    #   pytest
    #   rich
pyjwt==2.13.0
    # via fastf1
pyparsing==3.3.2
    # via matplotlib
pypika==0.51.1
    # via chromadb
pyproject-hooks==1.2.0
    # via build
pytest==9.1.1
    # via f1-trivia-rag (pyproject.toml)
python-dateutil==2.9.0.post0
    # via
    #   arrow
    #   fastf1
    #   jupyter-client
    #   kubernetes
    #   matplotlib
    #   pandas
python-dotenv==1.2.2
    # via
    #   f1-trivia-rag (pyproject.toml)
    #   pydantic-settings
    #   uvicorn
python-json-logger==4.1.0
    # via jupyter-events
pytz==2026.3.post1
    # via pandas
pywinpty==3.0.5 ; os_name == 'nt'
    # via
    #   jupyter-server
    #   jupyter-server-terminals
    #   terminado
pyyaml==6.0.3
    # via
    #   chromadb
    #   huggingface-hub
    #   jupyter-events
    #   kubernetes
    #   llama-index-core
    #   uvicorn
pyzmq==27.1.0
    # via
    #   ipykernel
    #   jupyter-client
    #   jupyter-console
    #   jupyter-server
rapidfuzz==3.14.5
    # via fastf1
referencing==0.37.0
    # via
    #   jsonschema
    #   jsonschema-specifications
    #   jupyter-events
regex==2026.7.19
    # via
    #   nltk
    #   tiktoken
requests==2.34.2
    # via
    #   f1-trivia-rag (pyproject.toml)
    #   fastf1
    #   google-auth
    #   google-genai
    #   jupyterlab-server
    #   kubernetes
    #   llama-index-core
    #   requests-cache
    #   requests-oauthlib
    #   tiktoken
    #   wikipedia
requests-cache==1.3.3
    # via fastf1
requests-oauthlib==2.0.0
    # via kubernetes
rfc3339-validator==0.1.4
    # via
    #   jsonschema
    #   jupyter-events
rfc3986-validator==0.1.1
    # via
    #   jsonschema
    #   jupyter-events
rfc3987-syntax==1.1.0
    # via jsonschema
rich==15.0.0
    # via
    #   chromadb
    #   typer
rpds-py==2026.6.3
    # via
    #   jsonschema
    #   referencing
ruff==0.16.2
    # via f1-trivia-rag (pyproject.toml)
scipy==1.17.1 ; python_full_version < '3.12'
    # via fastf1
scipy==1.18.0 ; python_full_version >= '3.12'
    # via fastf1
send2trash==2.1.0
    # via jupyter-server
setuptools==84.0.0
    # via llama-index-core
shellingham==1.5.4
    # via typer
signalrcore==1.0.2
    # via fastf1
six==1.17.0
    # via
    #   kubernetes
    #   python-dateutil
    #   rfc3339-validator
sniffio==1.3.1
    # via google-genai
soupsieve==2.9.2
    # via beautifulsoup4
sqlalchemy==2.0.52
    # via llama-index-core
stack-data==0.6.3
    # via ipython
starlette==1.6.0
    # via fastapi
tenacity==9.1.4
    # via
    #   chromadb
    #   google-genai
    #   llama-index-core
terminado==0.18.1
    # via
    #   jupyter-server
    #   jupyter-server-terminals
tiktoken==0.13.0
    # via llama-index-core
timple==0.1.8
    # via fastf1
tinycss2==1.5.1
    # via bleach
tinytag==2.3.0
    # via llama-index-core
tokenizers==0.23.1
    # via chromadb
tornado==6.5.8
    # via
    #   ipykernel
    #   jupyter-client
    #   jupyter-server
    #   jupyterlab
    #   notebook
    #   terminado
tqdm==4.70.0
    # via
    #   chromadb
    #   huggingface-hub
    #   llama-index-core
    #   nltk
traitlets==5.16.1
    # via
    #   ipykernel
    #   ipython
    #   ipywidgets
    #   jupyter-builder
    #   jupyter-client
    #   jupyter-console
    #   jupyter-core
    #   jupyter-events
    #   jupyter-server
    #   jupyterlab
    #   matplotlib-inline
    #   nbclient
    #   nbconvert
    #   nbformat
typer==0.27.1
    # via chromadb
typing-extensions==4.16.0
    # via
    #   aiohttp
    #   aiosignal
    #   anyio
    #   beautifulsoup4
    #   cattrs
    #   chromadb
    #   fastapi
    #   google-genai
    #   grpcio
    #   huggingface-hub
    #   ipython
    #   jupyter-client
    #   jupyterlab
    #   llama-index-core
    #   llama-index-workflows
    #   opentelemetry-api
    #   opentelemetry-exporter-otlp-proto-grpc
    #   opentelemetry-sdk
    #   opentelemetry-semantic-conventions
    #   pydantic
    #   pydantic-core
    #   referencing
    #   sqlalchemy
    #   starlette
    #   typing-inspect
    #   typing-inspection
typing-inspect==0.9.0
    # via
    #   dataclasses-json
    #   llama-index-core
typing-inspection==0.4.3
    # via
    #   fastapi
    #   pydantic
    #   pydantic-settings
tzdata==2026.3
    # via
    #   arrow
    #   pandas
uri-template==1.3.0
    # via jsonschema
url-normalize==3.0.0
    # via requests-cache
urllib3==2.7.0
    # via
    #   kubernetes
    #   requests
    #   requests-cache
uvicorn==0.52.1
    # via
    #   f1-trivia-rag (pyproject.toml)
    #   chromadb
uvloop==0.22.1 ; platform_python_implementation != 'PyPy' and sys_platform != 'cygwin' and sys_platform != 'win32'
    # via uvicorn
watchfiles==1.2.0
    # via uvicorn
wcwidth==0.8.2
    # via prompt-toolkit
webcolors==25.10.0
    # via jsonschema
webencodings==0.5.1
    # via
    #   bleach
    #   tinycss2
websocket-client==1.9.0
    # via
    #   jupyter-server
    #   kubernetes
websockets==16.1.1
    # via
    #   fastf1
    #   google-genai
    #   uvicorn
widgetsnbextension==4.0.15
    # via ipywidgets
wikipedia==1.4.0
    # via f1-trivia-rag (pyproject.toml)
wrapt==2.3.0
    # via
    #   deprecated
    #   llama-index-core
yarl==1.24.5
    # via aiohttp
